
Microsoft Visual Studio Solution File, Format Version 12.00
# Visual Studio 15
VisualStudioVersion = 15.0.28307.757
MinimumVisualStudioVersion = 10.0.40219.1
Project("{FAE04EC0-301F-11D3-BF4B-00C04F79EFBC}") = "LTTQ_CNTT4_TH", "LTTQ_CNTT4_TH\LTTQ_CNTT4_TH.csproj", "{13A80775-EC88-4222-9546-DF3676E5CF5F}"
EndProject
Global
	GlobalSection(SolutionConfigurationPlatforms) = preSolution
		Debug|Any CPU = Debug|Any CPU
		Release|Any CPU = Release|Any CPU
	EndGlobalSection
	GlobalSection(ProjectConfigurationPlatforms) = postSolution
		{13A80775-EC88-4222-9546-DF3676E5CF5F}.Debug|Any CPU.ActiveCfg = Debug|Any CPU
		{13A80775-EC88-4222-9546-DF3676E5CF5F}.Debug|Any CPU.Build.0 = Debug|Any CPU
		{13A80775-EC88-4222-9546-DF3676E5CF5F}.Release|Any CPU.ActiveCfg = Release|Any CPU
		{13A80775-EC88-4222-9546-DF3676E5CF5F}.Release|Any CPU.Build.0 = Release|Any CPU
	EndGlobalSection
	GlobalSection(SolutionProperties) = preSolution
		HideSolutionNode = FALSE
	EndGlobalSection
	GlobalSection(ExtensibilityGlobals) = postSolution
		SolutionGuid = {D14C4E1B-7C96-4066-BB96-2B1B0E25F4CC}
	EndGlobalSection
EndGlobal
